
Microsoft Visual Studio Solution File, Format Version 12.00
# Visual Studio Version 16
VisualStudioVersion = 16.0.30523.141
MinimumVisualStudioVersion = 10.0.40219.1
Project("{FAE04EC0-301F-11D3-BF4B-00C04F79EFBC}") = "HelloWorld", "HelloWorld\HelloWorld.csproj", "{717E15FF-7B96-480F-83B8-EC0722AD9B8C}"
EndProject
Global
	GlobalSection(SolutionConfigurationPlatforms) = preSolution
		Debug|Any CPU = Debug|Any CPU
		Release|Any CPU = Release|Any CPU
	EndGlobalSection
	GlobalSection(ProjectConfigurationPlatforms) = postSolution
		{717E15FF-7B96-480F-83B8-EC0722AD9B8C}.Debug|Any CPU.ActiveCfg = Debug|Any CPU
		{717E15FF-7B96-480F-83B8-EC0722AD9B8C}.Debug|Any CPU.Build.0 = Debug|Any CPU
		{717E15FF-7B96-480F-83B8-EC0722AD9B8C}.Release|Any CPU.ActiveCfg = Release|Any CPU
		{717E15FF-7B96-480F-83B8-EC0722AD9B8C}.Release|Any CPU.Build.0 = Release|Any CPU
	EndGlobalSection
	GlobalSection(SolutionProperties) = preSolution
		HideSolutionNode = FALSE
	EndGlobalSection
	GlobalSection(ExtensibilityGlobals) = postSolution
		SolutionGuid = {B6BFEB8A-F619-47CB-AA15-20AD61844DCA}
	EndGlobalSection
EndGlobal
